
Microsoft Visual Studio Solution File, Format Version 12.00
# Visual Studio Version 17
VisualStudioVersion = 17.8.34330.188
MinimumVisualStudioVersion = 10.0.40219.1
Project("{FAE04EC0-301F-11D3-BF4B-00C04F79EFBC}") = "MauiColorPicker", "MauiColorPicker\MauiColorPicker.csproj", "{94013AB1-CFAC-4A2A-81F7-83171F376035}"
EndProject
Global
	GlobalSection(SolutionConfigurationPlatforms) = preSolution
		Debug|Any CPU = Debug|Any CPU
		Release|Any CPU = Release|Any CPU
	EndGlobalSection
	GlobalSection(ProjectConfigurationPlatforms) = postSolution
		{94013AB1-CFAC-4A2A-81F7-83171F376035}.Debug|Any CPU.ActiveCfg = Debug|Any CPU
		{94013AB1-CFAC-4A2A-81F7-83171F376035}.Debug|Any CPU.Build.0 = Debug|Any CPU
		{94013AB1-CFAC-4A2A-81F7-83171F376035}.Debug|Any CPU.Deploy.0 = Debug|Any CPU
		{94013AB1-CFAC-4A2A-81F7-83171F376035}.Release|Any CPU.ActiveCfg = Release|Any CPU
		{94013AB1-CFAC-4A2A-81F7-83171F376035}.Release|Any CPU.Build.0 = Release|Any CPU
		{94013AB1-CFAC-4A2A-81F7-83171F376035}.Release|Any CPU.Deploy.0 = Release|Any CPU
	EndGlobalSection
	GlobalSection(SolutionProperties) = preSolution
		HideSolutionNode = FALSE
	EndGlobalSection
	GlobalSection(ExtensibilityGlobals) = postSolution
		SolutionGuid = {0F2ADE07-AE76-4D4B-8338-7AA9FD5C27FB}
	EndGlobalSection
EndGlobal
